
Microsoft Visual Studio Solution File, Format Version 12.00
# Visual Studio 15
VisualStudioVersion = 15.0.27703.2035
MinimumVisualStudioVersion = 10.0.40219.1
Project("{2150E333-8FDC-42A3-9474-1A3956D46DE8}") = "Creational", "Creational", "{33C4455B-BA9A-49CE-AA4B-0444E6734158}"
EndProject
Project("{FAE04EC0-301F-11D3-BF4B-00C04F79EFBC}") = "AbstractFactory", "Creational\AbstractFactory\AbstractFactory.csproj", "{23431B58-E2AC-4E9A-A18F-7F2825417053}"
EndProject
Project("{FAE04EC0-301F-11D3-BF4B-00C04F79EFBC}") = "Factory", "Creational\Factory\Factory.csproj", "{6D243F1B-A07F-4F6B-997B-30BE57CD7277}"
EndProject
Project("{FAE04EC0-301F-11D3-BF4B-00C04F79EFBC}") = "Singleton", "Creational\Singleton\Singleton.csproj", "{5DB2D805-D789-4C4E-8361-D95229E9C3A2}"
EndProject
Project("{FAE04EC0-301F-11D3-BF4B-00C04F79EFBC}") = "SingletonUnitTestProject", "Creational\SingletonUnitTestProject\SingletonUnitTestProject.csproj", "{D4EA69BF-4A21-45FD-80C6-34532606231B}"
EndProject
Project("{2150E333-8FDC-42A3-9474-1A3956D46DE8}") = "Structured", "Structured", "{8A0EEA52-E427-4015-B856-61598D5E9CF2}"
EndProject
Project("{FAE04EC0-301F-11D3-BF4B-00C04F79EFBC}") = "Decorator", "Structured\Decorator\Decorator.csproj", "{002D474C-B90F-4B2B-A23B-56FF35B43335}"
EndProject
Project("{2150E333-8FDC-42A3-9474-1A3956D46DE8}") = "Repository", "Repository", "{FDB75BF3-BB9B-4988-BA93-3F2CA4CFB378}"
EndProject
Project("{FAE04EC0-301F-11D3-BF4B-00C04F79EFBC}") = "StudentDemo", "Repository\StudentDemo\StudentDemo.csproj", "{1EFD5E41-2282-42FA-A688-FF498CC4BA7A}"
EndProject
Project("{2150E333-8FDC-42A3-9474-1A3956D46DE8}") = "Behavioral", "Behavioral", "{7C42AE32-4E94-4CD5-9B36-69EA6F6FADC1}"
EndProject
Project("{FAE04EC0-301F-11D3-BF4B-00C04F79EFBC}") = "Iterator", "Behavioral\Iterator\Iterator.csproj", "{00ADCFB8-AB56-4B3E-B667-9A4A9F70D53D}"
EndProject
Project("{FAE04EC0-301F-11D3-BF4B-00C04F79EFBC}") = "Observer", "Behavioral\Observer\Observer.csproj", "{A3CD985F-0BC1-4924-91D0-5837481233FA}"
EndProject
Project("{2150E333-8FDC-42A3-9474-1A3956D46DE8}") = "Singleton_", "Singleton_", "{40F713B5-1124-4724-B5BF-55E2CCD00EC5}"
EndProject
Project("{2150E333-8FDC-42A3-9474-1A3956D46DE8}") = "PPT", "PPT", "{1AA062ED-3941-4907-A0BE-4C2F5C056579}"
	ProjectSection(SolutionItems) = preProject
		\\MCNSERVER2\UserProfiles\nkumar\Desktop\Design Patterns - Friday 2.ppt = \\MCNSERVER2\UserProfiles\nkumar\Desktop\Design Patterns - Friday 2.ppt
		\\MCNSERVER2\UserProfiles\nkumar\Desktop\Design Patterns - Friday.pptx = \\MCNSERVER2\UserProfiles\nkumar\Desktop\Design Patterns - Friday.pptx
	EndProjectSection
EndProject
Global
	GlobalSection(SolutionConfigurationPlatforms) = preSolution
		Debug|Any CPU = Debug|Any CPU
		Release|Any CPU = Release|Any CPU
	EndGlobalSection
	GlobalSection(ProjectConfigurationPlatforms) = postSolution
		{23431B58-E2AC-4E9A-A18F-7F2825417053}.Debug|Any CPU.ActiveCfg = Debug|Any CPU
		{23431B58-E2AC-4E9A-A18F-7F2825417053}.Debug|Any CPU.Build.0 = Debug|Any CPU
		{23431B58-E2AC-4E9A-A18F-7F2825417053}.Release|Any CPU.ActiveCfg = Release|Any CPU
		{23431B58-E2AC-4E9A-A18F-7F2825417053}.Release|Any CPU.Build.0 = Release|Any CPU
		{6D243F1B-A07F-4F6B-997B-30BE57CD7277}.Debug|Any CPU.ActiveCfg = Debug|Any CPU
		{6D243F1B-A07F-4F6B-997B-30BE57CD7277}.Debug|Any CPU.Build.0 = Debug|Any CPU
		{6D243F1B-A07F-4F6B-997B-30BE57CD7277}.Release|Any CPU.ActiveCfg = Release|Any CPU
		{6D243F1B-A07F-4F6B-997B-30BE57CD7277}.Release|Any CPU.Build.0 = Release|Any CPU
		{5DB2D805-D789-4C4E-8361-D95229E9C3A2}.Debug|Any CPU.ActiveCfg = Debug|Any CPU
		{5DB2D805-D789-4C4E-8361-D95229E9C3A2}.Debug|Any CPU.Build.0 = Debug|Any CPU
		{5DB2D805-D789-4C4E-8361-D95229E9C3A2}.Release|Any CPU.ActiveCfg = Release|Any CPU
		{5DB2D805-D789-4C4E-8361-D95229E9C3A2}.Release|Any CPU.Build.0 = Release|Any CPU
		{D4EA69BF-4A21-45FD-80C6-34532606231B}.Debug|Any CPU.ActiveCfg = Debug|Any CPU
		{D4EA69BF-4A21-45FD-80C6-34532606231B}.Debug|Any CPU.Build.0 = Debug|Any CPU
		{D4EA69BF-4A21-45FD-80C6-34532606231B}.Release|Any CPU.ActiveCfg = Release|Any CPU
		{D4EA69BF-4A21-45FD-80C6-34532606231B}.Release|Any CPU.Build.0 = Release|Any CPU
		{002D474C-B90F-4B2B-A23B-56FF35B43335}.Debug|Any CPU.ActiveCfg = Debug|Any CPU
		{002D474C-B90F-4B2B-A23B-56FF35B43335}.Debug|Any CPU.Build.0 = Debug|Any CPU
		{002D474C-B90F-4B2B-A23B-56FF35B43335}.Release|Any CPU.ActiveCfg = Release|Any CPU
		{002D474C-B90F-4B2B-A23B-56FF35B43335}.Release|Any CPU.Build.0 = Release|Any CPU
		{1EFD5E41-2282-42FA-A688-FF498CC4BA7A}.Debug|Any CPU.ActiveCfg = Debug|Any CPU
		{1EFD5E41-2282-42FA-A688-FF498CC4BA7A}.Debug|Any CPU.Build.0 = Debug|Any CPU
		{1EFD5E41-2282-42FA-A688-FF498CC4BA7A}.Release|Any CPU.ActiveCfg = Release|Any CPU
		{1EFD5E41-2282-42FA-A688-FF498CC4BA7A}.Release|Any CPU.Build.0 = Release|Any CPU
		{00ADCFB8-AB56-4B3E-B667-9A4A9F70D53D}.Debug|Any CPU.ActiveCfg = Debug|Any CPU
		{00ADCFB8-AB56-4B3E-B667-9A4A9F70D53D}.Debug|Any CPU.Build.0 = Debug|Any CPU
		{00ADCFB8-AB56-4B3E-B667-9A4A9F70D53D}.Release|Any CPU.ActiveCfg = Release|Any CPU
		{00ADCFB8-AB56-4B3E-B667-9A4A9F70D53D}.Release|Any CPU.Build.0 = Release|Any CPU
		{A3CD985F-0BC1-4924-91D0-5837481233FA}.Debug|Any CPU.ActiveCfg = Debug|Any CPU
		{A3CD985F-0BC1-4924-91D0-5837481233FA}.Debug|Any CPU.Build.0 = Debug|Any CPU
		{A3CD985F-0BC1-4924-91D0-5837481233FA}.Release|Any CPU.ActiveCfg = Release|Any CPU
		{A3CD985F-0BC1-4924-91D0-5837481233FA}.Release|Any CPU.Build.0 = Release|Any CPU
	EndGlobalSection
	GlobalSection(SolutionProperties) = preSolution
		HideSolutionNode = FALSE
	EndGlobalSection
	GlobalSection(NestedProjects) = preSolution
		{23431B58-E2AC-4E9A-A18F-7F2825417053} = {33C4455B-BA9A-49CE-AA4B-0444E6734158}
		{6D243F1B-A07F-4F6B-997B-30BE57CD7277} = {33C4455B-BA9A-49CE-AA4B-0444E6734158}
		{5DB2D805-D789-4C4E-8361-D95229E9C3A2} = {40F713B5-1124-4724-B5BF-55E2CCD00EC5}
		{D4EA69BF-4A21-45FD-80C6-34532606231B} = {33C4455B-BA9A-49CE-AA4B-0444E6734158}
		{002D474C-B90F-4B2B-A23B-56FF35B43335} = {8A0EEA52-E427-4015-B856-61598D5E9CF2}
		{1EFD5E41-2282-42FA-A688-FF498CC4BA7A} = {FDB75BF3-BB9B-4988-BA93-3F2CA4CFB378}
		{00ADCFB8-AB56-4B3E-B667-9A4A9F70D53D} = {7C42AE32-4E94-4CD5-9B36-69EA6F6FADC1}
		{A3CD985F-0BC1-4924-91D0-5837481233FA} = {7C42AE32-4E94-4CD5-9B36-69EA6F6FADC1}
		{40F713B5-1124-4724-B5BF-55E2CCD00EC5} = {33C4455B-BA9A-49CE-AA4B-0444E6734158}
	EndGlobalSection
	GlobalSection(ExtensibilityGlobals) = postSolution
		SolutionGuid = {AA5B1960-4ED9-4D42-9AC3-7DEF149FF399}
	EndGlobalSection
EndGlobal
